{
  "definition": "./",
  "optionals": [],
  "private": {
    "libraries": [ {
      "definition": "../",
      "hash": "99f79186a461ef664104ac930f395d020beb6681",
      "name": "Zefiros-Software/cURL",
      "private": {
        "libraries": [ {
          "definition": "https://github.com/Zefiros-Software/mbedTLS.git",
          "hash": "6289efa3a2cb0ad86f2f59e1915cb7d13e699df3",
          "name": "Zefiros-Software/mbedTLS",
          "repository": "https://github.com/ARMmbed/mbedtls.git",
          "tag": "mbedtls-2.7.2",
          "version": "2.7.2",
          "versionRequirement": "^2.3.2"
        } ]
      },
      "repository": "https://github.com/curl/curl.git",
      "tag": "curl-7_56_1",
      "version": "7_56_1",
      "versionRequirement": "^7.50.0"
    } ],
    "modules": [ {
      "definition": "https://github.com/Zefiros-Software/ZefirosDefaults.git",
      "hash": "66cac4a6aa7f109e0fb8ce9daaac9f4330307b46",
      "name": "Zefiros-Software/Defaults",
      "public": {
        "libraries": [ {
          "definition": "https://github.com/Zefiros-Software/GoogleTest.git",
          "hash": "b4d333f14f977b3668de4e794d7d2e00b322d59a",
          "name": "Zefiros-Software/GoogleTest",
          "repository": "https://github.com/google/googletest.git",
          "tag": "release-1.4.0",
          "version": "1.4.0",
          "versionRequirement": "@head || ^1.0.0"
        }, {
          "definition": "https://github.com/Zefiros-Software/GoogleBenchmark.git",
          "hash": "6d74c0625b8e88c1afce72b4f383c91b9a99dbe6",
          "name": "Zefiros-Software/GoogleBenchmark",
          "repository": "https://github.com/google/benchmark.git",
          "tag": "HEAD",
          "versionRequirement": "@head"
        } ]
      },
      "repository": "https://github.com/Zefiros-Software/ZefirosDefaults.git",
      "tag": "HEAD",
      "versionRequirement": "@head"
    } ]
  },
  "repository": "./"
}